
Microsoft Visual Studio Solution File, Format Version 12.00
# Visual Studio Version 17
VisualStudioVersion = 17.13.35931.197 d17.13
MinimumVisualStudioVersion = 10.0.40219.1
Project("{FAE04EC0-301F-11D3-BF4B-00C04F79EFBC}") = "eldan_mesima_with_nerot", "eldan_mesima_with_nerot\eldan_mesima_with_nerot.csproj", "{A1441CBF-540A-4440-9156-BEB612976129}"
EndProject
Global
	GlobalSection(SolutionConfigurationPlatforms) = preSolution
		Debug|Any CPU = Debug|Any CPU
		Release|Any CPU = Release|Any CPU
	EndGlobalSection
	GlobalSection(ProjectConfigurationPlatforms) = postSolution
		{A1441CBF-540A-4440-9156-BEB612976129}.Debug|Any CPU.ActiveCfg = Debug|Any CPU
		{A1441CBF-540A-4440-9156-BEB612976129}.Debug|Any CPU.Build.0 = Debug|Any CPU
		{A1441CBF-540A-4440-9156-BEB612976129}.Release|Any CPU.ActiveCfg = Release|Any CPU
		{A1441CBF-540A-4440-9156-BEB612976129}.Release|Any CPU.Build.0 = Release|Any CPU
	EndGlobalSection
	GlobalSection(SolutionProperties) = preSolution
		HideSolutionNode = FALSE
	EndGlobalSection
	GlobalSection(ExtensibilityGlobals) = postSolution
		SolutionGuid = {1001639C-5EE7-435F-99B1-D25EC302EC8D}
	EndGlobalSection
EndGlobal
